// !$*UTF8*$!
{
	archiveVersion = 1;
	classes = {
	};
	objectVersion = 46;
	objects = {

/* Begin PBXBuildFile section */
		CCBB7C041E5DB36200F78938 /* circulo.cpp in Sources */ = {isa = PBXBuildFile; fileRef = CCBB7C021E5DB36200F78938 /* circulo.cpp */; };
		CCF805F21E5C429100159884 /* main.cpp in Sources */ = {isa = PBXBuildFile; fileRef = CCF805F11E5C429100159884 /* main.cpp */; };
		CCF805FA1E5C42DB00159884 /* figura2D.cpp in Sources */ = {isa = PBXBuildFile; fileRef = CCF805F81E5C42DB00159884 /* figura2D.cpp */; };
		CCF805FD1E5C45FF00159884 /* cuadrado.cpp in Sources */ = {isa = PBXBuildFile; fileRef = CCF805FB1E5C45FF00159884 /* cuadrado.cpp */; };
/* End PBXBuildFile section */

/* Begin PBXCopyFilesBuildPhase section */
		CCF805EC1E5C429100159884 /* CopyFiles */ = {
			isa = PBXCopyFilesBuildPhase;
			buildActionMask = 2147483647;
			dstPath = /usr/share/man/man1/;
			dstSubfolderSpec = 0;
			files = (
			);
			runOnlyForDeploymentPostprocessing = 1;
		};
/* End PBXCopyFilesBuildPhase section */

/* Begin PBXFileReference section */
		CCBB7C021E5DB36200F78938 /* circulo.cpp */ = {isa = PBXFileReference; fileEncoding = 4; lastKnownFileType = sourcecode.cpp.cpp; path = circulo.cpp; sourceTree = "<group>"; };
		CCBB7C031E5DB36200F78938 /* circulo.hpp */ = {isa = PBXFileReference; fileEncoding = 4; lastKnownFileType = sourcecode.cpp.h; path = circulo.hpp; sourceTree = "<group>"; };
		CCF805EE1E5C429100159884 /* Figura2D */ = {isa = PBXFileReference; explicitFileType = "compiled.mach-o.executable"; includeInIndex = 0; path = Figura2D; sourceTree = BUILT_PRODUCTS_DIR; };
		CCF805F11E5C429100159884 /* main.cpp */ = {isa = PBXFileReference; lastKnownFileType = sourcecode.cpp.cpp; path = main.cpp; sourceTree = "<group>"; };
		CCF805F81E5C42DB00159884 /* figura2D.cpp */ = {isa = PBXFileReference; fileEncoding = 4; lastKnownFileType = sourcecode.cpp.cpp; path = figura2D.cpp; sourceTree = "<group>"; };
		CCF805F91E5C42DB00159884 /* figura2D.hpp */ = {isa = PBXFileReference; fileEncoding = 4; lastKnownFileType = sourcecode.cpp.h; path = figura2D.hpp; sourceTree = "<group>"; };
		CCF805FB1E5C45FF00159884 /* cuadrado.cpp */ = {isa = PBXFileReference; fileEncoding = 4; lastKnownFileType = sourcecode.cpp.cpp; path = cuadrado.cpp; sourceTree = "<group>"; };
		CCF805FC1E5C45FF00159884 /* cuadrado.hpp */ = {isa = PBXFileReference; fileEncoding = 4; lastKnownFileType = sourcecode.cpp.h; path = cuadrado.hpp; sourceTree = "<group>"; };
/* End PBXFileReference section */

/* Begin PBXFrameworksBuildPhase section */
		CCF805EB1E5C429100159884 /* Frameworks */ = {
			isa = PBXFrameworksBuildPhase;
			buildActionMask = 2147483647;
			files = (
			);
			runOnlyForDeploymentPostprocessing = 0;
		};
/* End PBXFrameworksBuildPhase section */

/* Begin PBXGroup section */
		CCF805E51E5C429100159884 = {
			isa = PBXGroup;
			children = (
				CCF805F01E5C429100159884 /* Figura2D */,
				CCF805EF1E5C429100159884 /* Products */,
			);
			sourceTree = "<group>";
		};
		CCF805EF1E5C429100159884 /* Products */ = {
			isa = PBXGroup;
			children = (
				CCF805EE1E5C429100159884 /* Figura2D */,
			);
			name = Products;
			sourceTree = "<group>";
		};
		CCF805F01E5C429100159884 /* Figura2D */ = {
			isa = PBXGroup;
			children = (
				CCF805F11E5C429100159884 /* main.cpp */,
				CCF805F81E5C42DB00159884 /* figura2D.cpp */,
				CCBB7C021E5DB36200F78938 /* circulo.cpp */,
				CCBB7C031E5DB36200F78938 /* circulo.hpp */,
				CCF805FB1E5C45FF00159884 /* cuadrado.cpp */,
				CCF805FC1E5C45FF00159884 /* cuadrado.hpp */,
				CCF805F91E5C42DB00159884 /* figura2D.hpp */,
			);
			path = Figura2D;
			sourceTree = "<group>";
		};
/* End PBXGroup section */

/* Begin PBXNativeTarget section */
		CCF805ED1E5C429100159884 /* Figura2D */ = {
			isa = PBXNativeTarget;
			buildConfigurationList = CCF805F51E5C429100159884 /* Build configuration list for PBXNativeTarget "Figura2D" */;
			buildPhases = (
				CCF805EA1E5C429100159884 /* Sources */,
				CCF805EB1E5C429100159884 /* Frameworks */,
				CCF805EC1E5C429100159884 /* CopyFiles */,
			);
			buildRules = (
			);
			dependencies = (
			);
			name = Figura2D;
			productName = Figura2D;
			productReference = CCF805EE1E5C429100159884 /* Figura2D */;
			productType = "com.apple.product-type.tool";
		};
/* End PBXNativeTarget section */

/* Begin PBXProject section */
		CCF805E61E5C429100159884 /* Project object */ = {
			isa = PBXProject;
			attributes = {
				LastUpgradeCheck = 0820;
				ORGANIZATIONNAME = "Sergio Ballen COD: 1629770 - 2711";
				TargetAttributes = {
					CCF805ED1E5C429100159884 = {
						CreatedOnToolsVersion = 8.2.1;
						ProvisioningStyle = Automatic;
					};
				};
			};
			buildConfigurationList = CCF805E91E5C429100159884 /* Build configuration list for PBXProject "Figura2D" */;
			compatibilityVersion = "Xcode 3.2";
			developmentRegion = English;
			hasScannedForEncodings = 0;
			knownRegions = (
				en,
			);
			mainGroup = CCF805E51E5C429100159884;
			productRefGroup = CCF805EF1E5C429100159884 /* Products */;
			projectDirPath = "";
			projectRoot = "";
			targets = (
				CCF805ED1E5C429100159884 /* Figura2D */,
			);
		};
/* End PBXProject section */

/* Begin PBXSourcesBuildPhase section */
		CCF805EA1E5C429100159884 /* Sources */ = {
			isa = PBXSourcesBuildPhase;
			buildActionMask = 2147483647;
			files = (
				CCF805FD1E5C45FF00159884 /* cuadrado.cpp in Sources */,
				CCBB7C041E5DB36200F78938 /* circulo.cpp in Sources */,
				CCF805F21E5C429100159884 /* main.cpp in Sources */,
				CCF805FA1E5C42DB00159884 /* figura2D.cpp in Sources */,
			);
			runOnlyForDeploymentPostprocessing = 0;
		};
/* End PBXSourcesBuildPhase section */

/* Begin XCBuildConfiguration section */
		CCF805F31E5C429100159884 /* Debug */ = {
			isa = XCBuildConfiguration;
			buildSettings = {
				ALWAYS_SEARCH_USER_PATHS = NO;
				CLANG_ANALYZER_NONNULL = YES;
				CLANG_CXX_LANGUAGE_STANDARD = "gnu++0x";
				CLANG_CXX_LIBRARY = "libc++";
				CLANG_ENABLE_MODULES = YES;
				CLANG_ENABLE_OBJC_ARC = YES;
				CLANG_WARN_BOOL_CONVERSION = YES;
				CLANG_WARN_CONSTANT_CONVERSION = YES;
				CLANG_WARN_DIRECT_OBJC_ISA_USAGE = YES_ERROR;
				CLANG_WARN_DOCUMENTATION_COMMENTS = YES;
				CLANG_WARN_EMPTY_BODY = YES;
				CLANG_WARN_ENUM_CONVERSION = YES;
				CLANG_WARN_INFINITE_RECURSION = YES;
				CLANG_WARN_INT_CONVERSION = YES;
				CLANG_WARN_OBJC_ROOT_CLASS = YES_ERROR;
				CLANG_WARN_SUSPICIOUS_MOVE = YES;
				CLANG_WARN_UNREACHABLE_CODE = YES;
				CLANG_WARN__DUPLICATE_METHOD_MATCH = YES;
				CODE_SIGN_IDENTITY = "-";
				COPY_PHASE_STRIP = NO;
				DEBUG_INFORMATION_FORMAT = dwarf;
				ENABLE_STRICT_OBJC_MSGSEND = YES;
				ENABLE_TESTABILITY = YES;
				GCC_C_LANGUAGE_STANDARD = gnu99;
				GCC_DYNAMIC_NO_PIC = NO;
				GCC_NO_COMMON_BLOCKS = YES;
				GCC_OPTIMIZATION_LEVEL = 0;
				GCC_PREPROCESSOR_DEFINITIONS = (
					"DEBUG=1",
					"$(inherited)",
				);
				GCC_WARN_64_TO_32_BIT_CONVERSION = YES;
				GCC_WARN_ABOUT_RETURN_TYPE = YES_ERROR;
				GCC_WARN_UNDECLARED_SELECTOR = YES;
				GCC_WARN_UNINITIALIZED_AUTOS = YES_AGGRESSIVE;
				GCC_WARN_UNUSED_FUNCTION = YES;
				GCC_WARN_UNUSED_VARIABLE = YES;
				MACOSX_DEPLOYMENT_TARGET = 10.12;
				MTL_ENABLE_DEBUG_INFO = YES;
				ONLY_ACTIVE_ARCH = YES;
				SDKROOT = macosx;
			};
			name = Debug;
		};
		CCF805F41E5C429100159884 /* Release */ = {
			isa = XCBuildConfiguration;
			buildSettings = {
				ALWAYS_SEARCH_USER_PATHS = NO;
				CLANG_ANALYZER_NONNULL = YES;
				CLANG_CXX_LANGUAGE_STANDARD = "gnu++0x";
				CLANG_CXX_LIBRARY = "libc++";
				CLANG_ENABLE_MODULES = YES;
				CLANG_ENABLE_OBJC_ARC = YES;
				CLANG_WARN_BOOL_CONVERSION = YES;
				CLANG_WARN_CONSTANT_CONVERSION = YES;
				CLANG_WARN_DIRECT_OBJC_ISA_USAGE = YES_ERROR;
				CLANG_WARN_DOCUMENTATION_COMMENTS = YES;
				CLANG_WARN_EMPTY_BODY = YES;
				CLANG_WARN_ENUM_CONVERSION = YES;
				CLANG_WARN_INFINITE_RECURSION = YES;
				CLANG_WARN_INT_CONVERSION = YES;
				CLANG_WARN_OBJC_ROOT_CLASS = YES_ERROR;
				CLANG_WARN_SUSPICIOUS_MOVE = YES;
				CLANG_WARN_UNREACHABLE_CODE = YES;
				CLANG_WARN__DUPLICATE_METHOD_MATCH = YES;
				CODE_SIGN_IDENTITY = "-";
				COPY_PHASE_STRIP = NO;
				DEBUG_INFORMATION_FORMAT = "dwarf-with-dsym";
				ENABLE_NS_ASSERTIONS = NO;
				ENABLE_STRICT_OBJC_MSGSEND = YES;
				GCC_C_LANGUAGE_STANDARD = gnu99;
				GCC_NO_COMMON_BLOCKS = YES;
				GCC_WARN_64_TO_32_BIT_CONVERSION = YES;
				GCC_WARN_ABOUT_RETURN_TYPE = YES_ERROR;
				GCC_WARN_UNDECLARED_SELECTOR = YES;
				GCC_WARN_UNINITIALIZED_AUTOS = YES_AGGRESSIVE;
				GCC_WARN_UNUSED_FUNCTION = YES;
				GCC_WARN_UNUSED_VARIABLE = YES;
				MACOSX_DEPLOYMENT_TARGET = 10.12;
				MTL_ENABLE_DEBUG_INFO = NO;
				SDKROOT = macosx;
			};
			name = Release;
		};
		CCF805F61E5C429100159884 /* Debug */ = {
			isa = XCBuildConfiguration;
			buildSettings = {
				PRODUCT_NAME = "$(TARGET_NAME)";
			};
			name = Debug;
		};
		CCF805F71E5C429100159884 /* Release */ = {
			isa = XCBuildConfiguration;
			buildSettings = {
				PRODUCT_NAME = "$(TARGET_NAME)";
			};
			name = Release;
		};
/* End XCBuildConfiguration section */

/* Begin XCConfigurationList section */
		CCF805E91E5C429100159884 /* Build configuration list for PBXProject "Figura2D" */ = {
			isa = XCConfigurationList;
			buildConfigurations = (
				CCF805F31E5C429100159884 /* Debug */,
				CCF805F41E5C429100159884 /* Release */,
			);
			defaultConfigurationIsVisible = 0;
			defaultConfigurationName = Release;
		};
		CCF805F51E5C429100159884 /* Build configuration list for PBXNativeTarget "Figura2D" */ = {
			isa = XCConfigurationList;
			buildConfigurations = (
				CCF805F61E5C429100159884 /* Debug */,
				CCF805F71E5C429100159884 /* Release */,
			);
			defaultConfigurationIsVisible = 0;
			defaultConfigurationName = Release;
		};
/* End XCConfigurationList section */
	};
	rootObject = CCF805E61E5C429100159884 /* Project object */;
}
